// !$*UTF8*$!
{
	archiveVersion = 1;
	classes = {
	};
	objectVersion = 56;
	objects = {

/* Begin PBXBuildFile section */
		D35F84B62C5EE3DA006BEB91 /* demoApp.swift in Sources */ = {isa = PBXBuildFile; fileRef = D35F84B52C5EE3DA006BEB91 /* demoApp.swift */; };
		D35F84B82C5EE3DA006BEB91 /* ContentView.swift in Sources */ = {isa = PBXBuildFile; fileRef = D35F84B72C5EE3DA006BEB91 /* ContentView.swift */; };
		D35F84BA2C5EE3DB006BEB91 /* Assets.xcassets in Resources */ = {isa = PBXBuildFile; fileRef = D35F84B92C5EE3DB006BEB91 /* Assets.xcassets */; };
		D35F84BD2C5EE3DB006BEB91 /* Preview Assets.xcassets in Resources */ = {isa = PBXBuildFile; fileRef = D35F84BC2C5EE3DB006BEB91 /* Preview Assets.xcassets */; };
		D35F84C42C5EE534006BEB91 /* GoogleService-Info.plist in Resources */ = {isa = PBXBuildFile; fileRef = D35F84C32C5EE534006BEB91 /* GoogleService-Info.plist */; };
		D35F84C72C5EE5F8006BEB91 /* FirebaseAnalytics in Frameworks */ = {isa = PBXBuildFile; productRef = D35F84C62C5EE5F8006BEB91 /* FirebaseAnalytics */; };
		D35F84CA2C5EE7F7006BEB91 /* FirebaseAuth in Frameworks */ = {isa = PBXBuildFile; productRef = D35F84C92C5EE7F7006BEB91 /* FirebaseAuth */; };
		D35F84CD2C5EE868006BEB91 /* AuthenticationView.swift in Sources */ = {isa = PBXBuildFile; fileRef = D35F84CC2C5EE868006BEB91 /* AuthenticationView.swift */; };
		D35F84D12C5EEC00006BEB91 /* AuthenticationManager.swift in Sources */ = {isa = PBXBuildFile; fileRef = D35F84D02C5EEC00006BEB91 /* AuthenticationManager.swift */; };
		D35F84D32C5EF1B1006BEB91 /* RootView.swift in Sources */ = {isa = PBXBuildFile; fileRef = D35F84D22C5EF1B1006BEB91 /* RootView.swift */; };
		D35F84D52C5EF3B0006BEB91 /* SettingsView.swift in Sources */ = {isa = PBXBuildFile; fileRef = D35F84D42C5EF3AF006BEB91 /* SettingsView.swift */; };
		D3AA345E2C5FE8AC00A27636 /* SignInView.swift in Sources */ = {isa = PBXBuildFile; fileRef = D3AA345D2C5FE8AC00A27636 /* SignInView.swift */; };
		D3AA34602C5FEA0400A27636 /* SignUpView.swift in Sources */ = {isa = PBXBuildFile; fileRef = D3AA345F2C5FEA0400A27636 /* SignUpView.swift */; };
		D3AA34642C5FEB0500A27636 /* BackgroundView.swift in Sources */ = {isa = PBXBuildFile; fileRef = D3AA34632C5FEB0500A27636 /* BackgroundView.swift */; };
		D3AA34662C5FF3E800A27636 /* FirebaseFirestore in Frameworks */ = {isa = PBXBuildFile; productRef = D3AA34652C5FF3E800A27636 /* FirebaseFirestore */; };
		D3AA34682C604A1600A27636 /* HomeView.swift in Sources */ = {isa = PBXBuildFile; fileRef = D3AA34672C604A1600A27636 /* HomeView.swift */; };
		D3AA346A2C604A5600A27636 /* MainTabView.swift in Sources */ = {isa = PBXBuildFile; fileRef = D3AA34692C604A5600A27636 /* MainTabView.swift */; };
/* End PBXBuildFile section */

/* Begin PBXFileReference section */
		D35F84B22C5EE3DA006BEB91 /* demo.app */ = {isa = PBXFileReference; explicitFileType = wrapper.application; includeInIndex = 0; path = demo.app; sourceTree = BUILT_PRODUCTS_DIR; };
		D35F84B52C5EE3DA006BEB91 /* demoApp.swift */ = {isa = PBXFileReference; lastKnownFileType = sourcecode.swift; path = demoApp.swift; sourceTree = "<group>"; };
		D35F84B72C5EE3DA006BEB91 /* ContentView.swift */ = {isa = PBXFileReference; lastKnownFileType = sourcecode.swift; path = ContentView.swift; sourceTree = "<group>"; };
		D35F84B92C5EE3DB006BEB91 /* Assets.xcassets */ = {isa = PBXFileReference; lastKnownFileType = folder.assetcatalog; path = Assets.xcassets; sourceTree = "<group>"; };
		D35F84BC2C5EE3DB006BEB91 /* Preview Assets.xcassets */ = {isa = PBXFileReference; lastKnownFileType = folder.assetcatalog; path = "Preview Assets.xcassets"; sourceTree = "<group>"; };
		D35F84C32C5EE534006BEB91 /* GoogleService-Info.plist */ = {isa = PBXFileReference; fileEncoding = 4; lastKnownFileType = text.plist.xml; path = "GoogleService-Info.plist"; sourceTree = "<group>"; };
		D35F84CC2C5EE868006BEB91 /* AuthenticationView.swift */ = {isa = PBXFileReference; lastKnownFileType = sourcecode.swift; path = AuthenticationView.swift; sourceTree = "<group>"; };
		D35F84D02C5EEC00006BEB91 /* AuthenticationManager.swift */ = {isa = PBXFileReference; lastKnownFileType = sourcecode.swift; path = AuthenticationManager.swift; sourceTree = "<group>"; };
		D35F84D22C5EF1B1006BEB91 /* RootView.swift */ = {isa = PBXFileReference; lastKnownFileType = sourcecode.swift; path = RootView.swift; sourceTree = "<group>"; };
		D35F84D42C5EF3AF006BEB91 /* SettingsView.swift */ = {isa = PBXFileReference; lastKnownFileType = sourcecode.swift; path = SettingsView.swift; sourceTree = "<group>"; };
		D3AA345D2C5FE8AC00A27636 /* SignInView.swift */ = {isa = PBXFileReference; lastKnownFileType = sourcecode.swift; path = SignInView.swift; sourceTree = "<group>"; };
		D3AA345F2C5FEA0400A27636 /* SignUpView.swift */ = {isa = PBXFileReference; lastKnownFileType = sourcecode.swift; path = SignUpView.swift; sourceTree = "<group>"; };
		D3AA34632C5FEB0500A27636 /* BackgroundView.swift */ = {isa = PBXFileReference; lastKnownFileType = sourcecode.swift; path = BackgroundView.swift; sourceTree = "<group>"; };
		D3AA34672C604A1600A27636 /* HomeView.swift */ = {isa = PBXFileReference; lastKnownFileType = sourcecode.swift; path = HomeView.swift; sourceTree = "<group>"; };
		D3AA34692C604A5600A27636 /* MainTabView.swift */ = {isa = PBXFileReference; lastKnownFileType = sourcecode.swift; path = MainTabView.swift; sourceTree = "<group>"; };
/* End PBXFileReference section */

/* Begin PBXFrameworksBuildPhase section */
		D35F84AF2C5EE3DA006BEB91 /* Frameworks */ = {
			isa = PBXFrameworksBuildPhase;
			buildActionMask = 2147483647;
			files = (
				D35F84C72C5EE5F8006BEB91 /* FirebaseAnalytics in Frameworks */,
				D35F84CA2C5EE7F7006BEB91 /* FirebaseAuth in Frameworks */,
				D3AA34662C5FF3E800A27636 /* FirebaseFirestore in Frameworks */,
			);
			runOnlyForDeploymentPostprocessing = 0;
		};
/* End PBXFrameworksBuildPhase section */

/* Begin PBXGroup section */
		D35F84A92C5EE3DA006BEB91 = {
			isa = PBXGroup;
			children = (
				D35F84B42C5EE3DA006BEB91 /* demo */,
				D35F84B32C5EE3DA006BEB91 /* Products */,
				D35F84C82C5EE7EB006BEB91 /* Frameworks */,
			);
			sourceTree = "<group>";
		};
		D35F84B32C5EE3DA006BEB91 /* Products */ = {
			isa = PBXGroup;
			children = (
				D35F84B22C5EE3DA006BEB91 /* demo.app */,
			);
			name = Products;
			sourceTree = "<group>";
		};
		D35F84B42C5EE3DA006BEB91 /* demo */ = {
			isa = PBXGroup;
			children = (
				D35F84B52C5EE3DA006BEB91 /* demoApp.swift */,
				D35F84B72C5EE3DA006BEB91 /* ContentView.swift */,
				D35F84CB2C5EE841006BEB91 /* Authentication */,
				D35F84C32C5EE534006BEB91 /* GoogleService-Info.plist */,
				D35F84B92C5EE3DB006BEB91 /* Assets.xcassets */,
				D35F84BB2C5EE3DB006BEB91 /* Preview Content */,
			);
			path = demo;
			sourceTree = "<group>";
		};
		D35F84BB2C5EE3DB006BEB91 /* Preview Content */ = {
			isa = PBXGroup;
			children = (
				D35F84BC2C5EE3DB006BEB91 /* Preview Assets.xcassets */,
			);
			path = "Preview Content";
			sourceTree = "<group>";
		};
		D35F84C82C5EE7EB006BEB91 /* Frameworks */ = {
			isa = PBXGroup;
			children = (
			);
			name = Frameworks;
			sourceTree = "<group>";
		};
		D35F84CB2C5EE841006BEB91 /* Authentication */ = {
			isa = PBXGroup;
			children = (
				D35F84CC2C5EE868006BEB91 /* AuthenticationView.swift */,
				D35F84D02C5EEC00006BEB91 /* AuthenticationManager.swift */,
				D35F84D42C5EF3AF006BEB91 /* SettingsView.swift */,
				D35F84D22C5EF1B1006BEB91 /* RootView.swift */,
				D3AA345D2C5FE8AC00A27636 /* SignInView.swift */,
				D3AA345F2C5FEA0400A27636 /* SignUpView.swift */,
				D3AA34632C5FEB0500A27636 /* BackgroundView.swift */,
				D3AA34672C604A1600A27636 /* HomeView.swift */,
				D3AA34692C604A5600A27636 /* MainTabView.swift */,
			);
			path = Authentication;
			sourceTree = "<group>";
		};
/* End PBXGroup section */

/* Begin PBXNativeTarget section */
		D35F84B12C5EE3DA006BEB91 /* demo */ = {
			isa = PBXNativeTarget;
			buildConfigurationList = D35F84C02C5EE3DB006BEB91 /* Build configuration list for PBXNativeTarget "demo" */;
			buildPhases = (
				D35F84AE2C5EE3DA006BEB91 /* Sources */,
				D35F84AF2C5EE3DA006BEB91 /* Frameworks */,
				D35F84B02C5EE3DA006BEB91 /* Resources */,
			);
			buildRules = (
			);
			dependencies = (
			);
			name = demo;
			packageProductDependencies = (
				D35F84C62C5EE5F8006BEB91 /* FirebaseAnalytics */,
				D35F84C92C5EE7F7006BEB91 /* FirebaseAuth */,
				D3AA34652C5FF3E800A27636 /* FirebaseFirestore */,
			);
			productName = demo;
			productReference = D35F84B22C5EE3DA006BEB91 /* demo.app */;
			productType = "com.apple.product-type.application";
		};
/* End PBXNativeTarget section */

/* Begin PBXProject section */
		D35F84AA2C5EE3DA006BEB91 /* Project object */ = {
			isa = PBXProject;
			attributes = {
				BuildIndependentTargetsInParallel = 1;
				LastSwiftUpdateCheck = 1540;
				LastUpgradeCheck = 1540;
				TargetAttributes = {
					D35F84B12C5EE3DA006BEB91 = {
						CreatedOnToolsVersion = 15.4;
					};
				};
			};
			buildConfigurationList = D35F84AD2C5EE3DA006BEB91 /* Build configuration list for PBXProject "demo" */;
			compatibilityVersion = "Xcode 14.0";
			developmentRegion = en;
			hasScannedForEncodings = 0;
			knownRegions = (
				en,
				Base,
			);
			mainGroup = D35F84A92C5EE3DA006BEB91;
			packageReferences = (
				D35F84C52C5EE5F8006BEB91 /* XCRemoteSwiftPackageReference "firebase-ios-sdk" */,
			);
			productRefGroup = D35F84B32C5EE3DA006BEB91 /* Products */;
			projectDirPath = "";
			projectRoot = "";
			targets = (
				D35F84B12C5EE3DA006BEB91 /* demo */,
			);
		};
/* End PBXProject section */

/* Begin PBXResourcesBuildPhase section */
		D35F84B02C5EE3DA006BEB91 /* Resources */ = {
			isa = PBXResourcesBuildPhase;
			buildActionMask = 2147483647;
			files = (
				D35F84BD2C5EE3DB006BEB91 /* Preview Assets.xcassets in Resources */,
				D35F84BA2C5EE3DB006BEB91 /* Assets.xcassets in Resources */,
				D35F84C42C5EE534006BEB91 /* GoogleService-Info.plist in Resources */,
			);
			runOnlyForDeploymentPostprocessing = 0;
		};
/* End PBXResourcesBuildPhase section */

/* Begin PBXSourcesBuildPhase section */
		D35F84AE2C5EE3DA006BEB91 /* Sources */ = {
			isa = PBXSourcesBuildPhase;
			buildActionMask = 2147483647;
			files = (
				D3AA345E2C5FE8AC00A27636 /* SignInView.swift in Sources */,
				D35F84D52C5EF3B0006BEB91 /* SettingsView.swift in Sources */,
				D3AA34642C5FEB0500A27636 /* BackgroundView.swift in Sources */,
				D3AA34682C604A1600A27636 /* HomeView.swift in Sources */,
				D35F84B82C5EE3DA006BEB91 /* ContentView.swift in Sources */,
				D3AA346A2C604A5600A27636 /* MainTabView.swift in Sources */,
				D35F84B62C5EE3DA006BEB91 /* demoApp.swift in Sources */,
				D35F84D32C5EF1B1006BEB91 /* RootView.swift in Sources */,
				D35F84CD2C5EE868006BEB91 /* AuthenticationView.swift in Sources */,
				D3AA34602C5FEA0400A27636 /* SignUpView.swift in Sources */,
				D35F84D12C5EEC00006BEB91 /* AuthenticationManager.swift in Sources */,
			);
			runOnlyForDeploymentPostprocessing = 0;
		};
/* End PBXSourcesBuildPhase section */

/* Begin XCBuildConfiguration section */
		D35F84BE2C5EE3DB006BEB91 /* Debug */ = {
			isa = XCBuildConfiguration;
			buildSettings = {
				ALWAYS_SEARCH_USER_PATHS = NO;
				ASSETCATALOG_COMPILER_GENERATE_SWIFT_ASSET_SYMBOL_EXTENSIONS = YES;
				CLANG_ANALYZER_NONNULL = YES;
				CLANG_ANALYZER_NUMBER_OBJECT_CONVERSION = YES_AGGRESSIVE;
				CLANG_CXX_LANGUAGE_STANDARD = "gnu++20";
				CLANG_ENABLE_MODULES = YES;
				CLANG_ENABLE_OBJC_ARC = YES;
				CLANG_ENABLE_OBJC_WEAK = YES;
				CLANG_WARN_BLOCK_CAPTURE_AUTORELEASING = YES;
				CLANG_WARN_BOOL_CONVERSION = YES;
				CLANG_WARN_COMMA = YES;
				CLANG_WARN_CONSTANT_CONVERSION = YES;
				CLANG_WARN_DEPRECATED_OBJC_IMPLEMENTATIONS = YES;
				CLANG_WARN_DIRECT_OBJC_ISA_USAGE = YES_ERROR;
				CLANG_WARN_DOCUMENTATION_COMMENTS = YES;
				CLANG_WARN_EMPTY_BODY = YES;
				CLANG_WARN_ENUM_CONVERSION = YES;
				CLANG_WARN_INFINITE_RECURSION = YES;
				CLANG_WARN_INT_CONVERSION = YES;
				CLANG_WARN_NON_LITERAL_NULL_CONVERSION = YES;
				CLANG_WARN_OBJC_IMPLICIT_RETAIN_SELF = YES;
				CLANG_WARN_OBJC_LITERAL_CONVERSION = YES;
				CLANG_WARN_OBJC_ROOT_CLASS = YES_ERROR;
				CLANG_WARN_QUOTED_INCLUDE_IN_FRAMEWORK_HEADER = YES;
				CLANG_WARN_RANGE_LOOP_ANALYSIS = YES;
				CLANG_WARN_STRICT_PROTOTYPES = YES;
				CLANG_WARN_SUSPICIOUS_MOVE = YES;
				CLANG_WARN_UNGUARDED_AVAILABILITY = YES_AGGRESSIVE;
				CLANG_WARN_UNREACHABLE_CODE = YES;
				CLANG_WARN__DUPLICATE_METHOD_MATCH = YES;
				COPY_PHASE_STRIP = NO;
				DEBUG_INFORMATION_FORMAT = dwarf;
				ENABLE_STRICT_OBJC_MSGSEND = YES;
				ENABLE_TESTABILITY = YES;
				ENABLE_USER_SCRIPT_SANDBOXING = YES;
				GCC_C_LANGUAGE_STANDARD = gnu17;
				GCC_DYNAMIC_NO_PIC = NO;
				GCC_NO_COMMON_BLOCKS = YES;
				GCC_OPTIMIZATION_LEVEL = 0;
				GCC_PREPROCESSOR_DEFINITIONS = (
					"DEBUG=1",
					"$(inherited)",
				);
				GCC_WARN_64_TO_32_BIT_CONVERSION = YES;
				GCC_WARN_ABOUT_RETURN_TYPE = YES_ERROR;
				GCC_WARN_UNDECLARED_SELECTOR = YES;
				GCC_WARN_UNINITIALIZED_AUTOS = YES_AGGRESSIVE;
				GCC_WARN_UNUSED_FUNCTION = YES;
				GCC_WARN_UNUSED_VARIABLE = YES;
				IPHONEOS_DEPLOYMENT_TARGET = 17.5;
				LOCALIZATION_PREFERS_STRING_CATALOGS = YES;
				MTL_ENABLE_DEBUG_INFO = INCLUDE_SOURCE;
				MTL_FAST_MATH = YES;
				ONLY_ACTIVE_ARCH = YES;
				SDKROOT = iphoneos;
				SWIFT_ACTIVE_COMPILATION_CONDITIONS = "DEBUG $(inherited)";
				SWIFT_OPTIMIZATION_LEVEL = "-Onone";
			};
			name = Debug;
		};
		D35F84BF2C5EE3DB006BEB91 /* Release */ = {
			isa = XCBuildConfiguration;
			buildSettings = {
				ALWAYS_SEARCH_USER_PATHS = NO;
				ASSETCATALOG_COMPILER_GENERATE_SWIFT_ASSET_SYMBOL_EXTENSIONS = YES;
				CLANG_ANALYZER_NONNULL = YES;
				CLANG_ANALYZER_NUMBER_OBJECT_CONVERSION = YES_AGGRESSIVE;
				CLANG_CXX_LANGUAGE_STANDARD = "gnu++20";
				CLANG_ENABLE_MODULES = YES;
				CLANG_ENABLE_OBJC_ARC = YES;
				CLANG_ENABLE_OBJC_WEAK = YES;
				CLANG_WARN_BLOCK_CAPTURE_AUTORELEASING = YES;
				CLANG_WARN_BOOL_CONVERSION = YES;
				CLANG_WARN_COMMA = YES;
				CLANG_WARN_CONSTANT_CONVERSION = YES;
				CLANG_WARN_DEPRECATED_OBJC_IMPLEMENTATIONS = YES;
				CLANG_WARN_DIRECT_OBJC_ISA_USAGE = YES_ERROR;
				CLANG_WARN_DOCUMENTATION_COMMENTS = YES;
				CLANG_WARN_EMPTY_BODY = YES;
				CLANG_WARN_ENUM_CONVERSION = YES;
				CLANG_WARN_INFINITE_RECURSION = YES;
				CLANG_WARN_INT_CONVERSION = YES;
				CLANG_WARN_NON_LITERAL_NULL_CONVERSION = YES;
				CLANG_WARN_OBJC_IMPLICIT_RETAIN_SELF = YES;
				CLANG_WARN_OBJC_LITERAL_CONVERSION = YES;
				CLANG_WARN_OBJC_ROOT_CLASS = YES_ERROR;
				CLANG_WARN_QUOTED_INCLUDE_IN_FRAMEWORK_HEADER = YES;
				CLANG_WARN_RANGE_LOOP_ANALYSIS = YES;
				CLANG_WARN_STRICT_PROTOTYPES = YES;
				CLANG_WARN_SUSPICIOUS_MOVE = YES;
				CLANG_WARN_UNGUARDED_AVAILABILITY = YES_AGGRESSIVE;
				CLANG_WARN_UNREACHABLE_CODE = YES;
				CLANG_WARN__DUPLICATE_METHOD_MATCH = YES;
				COPY_PHASE_STRIP = NO;
				DEBUG_INFORMATION_FORMAT = "dwarf-with-dsym";
				ENABLE_NS_ASSERTIONS = NO;
				ENABLE_STRICT_OBJC_MSGSEND = YES;
				ENABLE_USER_SCRIPT_SANDBOXING = YES;
				GCC_C_LANGUAGE_STANDARD = gnu17;
				GCC_NO_COMMON_BLOCKS = YES;
				GCC_WARN_64_TO_32_BIT_CONVERSION = YES;
				GCC_WARN_ABOUT_RETURN_TYPE = YES_ERROR;
				GCC_WARN_UNDECLARED_SELECTOR = YES;
				GCC_WARN_UNINITIALIZED_AUTOS = YES_AGGRESSIVE;
				GCC_WARN_UNUSED_FUNCTION = YES;
				GCC_WARN_UNUSED_VARIABLE = YES;
				IPHONEOS_DEPLOYMENT_TARGET = 17.5;
				LOCALIZATION_PREFERS_STRING_CATALOGS = YES;
				MTL_ENABLE_DEBUG_INFO = NO;
				MTL_FAST_MATH = YES;
				SDKROOT = iphoneos;
				SWIFT_COMPILATION_MODE = wholemodule;
				VALIDATE_PRODUCT = YES;
			};
			name = Release;
		};
		D35F84C12C5EE3DB006BEB91 /* Debug */ = {
			isa = XCBuildConfiguration;
			buildSettings = {
				ASSETCATALOG_COMPILER_APPICON_NAME = AppIcon;
				ASSETCATALOG_COMPILER_GLOBAL_ACCENT_COLOR_NAME = AccentColor;
				CODE_SIGN_STYLE = Automatic;
				CURRENT_PROJECT_VERSION = 1;
				DEVELOPMENT_ASSET_PATHS = "\"demo/Preview Content\"";
				ENABLE_PREVIEWS = YES;
				GENERATE_INFOPLIST_FILE = YES;
				INFOPLIST_KEY_UIApplicationSceneManifest_Generation = YES;
				INFOPLIST_KEY_UIApplicationSupportsIndirectInputEvents = YES;
				INFOPLIST_KEY_UILaunchScreen_Generation = YES;
				INFOPLIST_KEY_UISupportedInterfaceOrientations_iPad = "UIInterfaceOrientationPortrait UIInterfaceOrientationPortraitUpsideDown UIInterfaceOrientationLandscapeLeft UIInterfaceOrientationLandscapeRight";
				INFOPLIST_KEY_UISupportedInterfaceOrientations_iPhone = "UIInterfaceOrientationPortrait UIInterfaceOrientationLandscapeLeft UIInterfaceOrientationLandscapeRight";
				LD_RUNPATH_SEARCH_PATHS = (
					"$(inherited)",
					"@executable_path/Frameworks",
				);
				MARKETING_VERSION = 1.0;
				PRODUCT_BUNDLE_IDENTIFIER = khurana.yash.demo;
				PRODUCT_NAME = "$(TARGET_NAME)";
				SWIFT_EMIT_LOC_STRINGS = YES;
				SWIFT_VERSION = 5.0;
				TARGETED_DEVICE_FAMILY = "1,2";
			};
			name = Debug;
		};
		D35F84C22C5EE3DB006BEB91 /* Release */ = {
			isa = XCBuildConfiguration;
			buildSettings = {
				ASSETCATALOG_COMPILER_APPICON_NAME = AppIcon;
				ASSETCATALOG_COMPILER_GLOBAL_ACCENT_COLOR_NAME = AccentColor;
				CODE_SIGN_STYLE = Automatic;
				CURRENT_PROJECT_VERSION = 1;
				DEVELOPMENT_ASSET_PATHS = "\"demo/Preview Content\"";
				ENABLE_PREVIEWS = YES;
				GENERATE_INFOPLIST_FILE = YES;
				INFOPLIST_KEY_UIApplicationSceneManifest_Generation = YES;
				INFOPLIST_KEY_UIApplicationSupportsIndirectInputEvents = YES;
				INFOPLIST_KEY_UILaunchScreen_Generation = YES;
				INFOPLIST_KEY_UISupportedInterfaceOrientations_iPad = "UIInterfaceOrientationPortrait UIInterfaceOrientationPortraitUpsideDown UIInterfaceOrientationLandscapeLeft UIInterfaceOrientationLandscapeRight";
				INFOPLIST_KEY_UISupportedInterfaceOrientations_iPhone = "UIInterfaceOrientationPortrait UIInterfaceOrientationLandscapeLeft UIInterfaceOrientationLandscapeRight";
				LD_RUNPATH_SEARCH_PATHS = (
					"$(inherited)",
					"@executable_path/Frameworks",
				);
				MARKETING_VERSION = 1.0;
				PRODUCT_BUNDLE_IDENTIFIER = khurana.yash.demo;
				PRODUCT_NAME = "$(TARGET_NAME)";
				SWIFT_EMIT_LOC_STRINGS = YES;
				SWIFT_VERSION = 5.0;
				TARGETED_DEVICE_FAMILY = "1,2";
			};
			name = Release;
		};
/* End XCBuildConfiguration section */

/* Begin XCConfigurationList section */
		D35F84AD2C5EE3DA006BEB91 /* Build configuration list for PBXProject "demo" */ = {
			isa = XCConfigurationList;
			buildConfigurations = (
				D35F84BE2C5EE3DB006BEB91 /* Debug */,
				D35F84BF2C5EE3DB006BEB91 /* Release */,
			);
			defaultConfigurationIsVisible = 0;
			defaultConfigurationName = Release;
		};
		D35F84C02C5EE3DB006BEB91 /* Build configuration list for PBXNativeTarget "demo" */ = {
			isa = XCConfigurationList;
			buildConfigurations = (
				D35F84C12C5EE3DB006BEB91 /* Debug */,
				D35F84C22C5EE3DB006BEB91 /* Release */,
			);
			defaultConfigurationIsVisible = 0;
			defaultConfigurationName = Release;
		};
/* End XCConfigurationList section */

/* Begin XCRemoteSwiftPackageReference section */
		D35F84C52C5EE5F8006BEB91 /* XCRemoteSwiftPackageReference "firebase-ios-sdk" */ = {
			isa = XCRemoteSwiftPackageReference;
			repositoryURL = "https://github.com/firebase/firebase-ios-sdk";
			requirement = {
				kind = upToNextMajorVersion;
				minimumVersion = 11.0.0;
			};
		};
/* End XCRemoteSwiftPackageReference section */

/* Begin XCSwiftPackageProductDependency section */
		D35F84C62C5EE5F8006BEB91 /* FirebaseAnalytics */ = {
			isa = XCSwiftPackageProductDependency;
			package = D35F84C52C5EE5F8006BEB91 /* XCRemoteSwiftPackageReference "firebase-ios-sdk" */;
			productName = FirebaseAnalytics;
		};
		D35F84C92C5EE7F7006BEB91 /* FirebaseAuth */ = {
			isa = XCSwiftPackageProductDependency;
			package = D35F84C52C5EE5F8006BEB91 /* XCRemoteSwiftPackageReference "firebase-ios-sdk" */;
			productName = FirebaseAuth;
		};
		D3AA34652C5FF3E800A27636 /* FirebaseFirestore */ = {
			isa = XCSwiftPackageProductDependency;
			package = D35F84C52C5EE5F8006BEB91 /* XCRemoteSwiftPackageReference "firebase-ios-sdk" */;
			productName = FirebaseFirestore;
		};
/* End XCSwiftPackageProductDependency section */
	};
	rootObject = D35F84AA2C5EE3DA006BEB91 /* Project object */;
}
